# This file is automatically @generated by Cargo.
# It is not intended for manual editing.
version = 3

[[package]]
name = "calcula_thor"
version = "0.1.0"
dependencies = [
 "precedence",
]

[[package]]
name = "precedence"
version = "0.1.0"
source = "git+https://github.com/7M351/precedence.git?rev=v0.1#5ab9a046d279395dbe175955a62a408cf3252345"
